
Microsoft Visual Studio Solution File, Format Version 12.00
# Visual Studio 14
VisualStudioVersion = 14.0.25420.1
MinimumVisualStudioVersion = 10.0.40219.1
Project("{FAE04EC0-301F-11D3-BF4B-00C04F79EFBC}") = "FinalDeliverable", "FinalDeliverable\FinalDeliverable.csproj", "{48CA2240-47AA-4DBF-BB3C-BE5331784A3E}"
EndProject
Project("{FAE04EC0-301F-11D3-BF4B-00C04F79EFBC}") = "TheTestFrameWork", "TheTestFrameWork\TheTestFrameWork.csproj", "{96BF81DE-47E7-4986-9D5F-699FB4D5F8BA}"
EndProject
Project("{FAE04EC0-301F-11D3-BF4B-00C04F79EFBC}") = "OurClassLibrary", "OurClassLibrary\OurClassLibrary.csproj", "{836112C4-4952-4013-8664-F87D3E7475B2}"
EndProject
Global
	GlobalSection(SolutionConfigurationPlatforms) = preSolution
		Debug|Any CPU = Debug|Any CPU
		Release|Any CPU = Release|Any CPU
	EndGlobalSection
	GlobalSection(ProjectConfigurationPlatforms) = postSolution
		{48CA2240-47AA-4DBF-BB3C-BE5331784A3E}.Debug|Any CPU.ActiveCfg = Debug|Any CPU
		{48CA2240-47AA-4DBF-BB3C-BE5331784A3E}.Debug|Any CPU.Build.0 = Debug|Any CPU
		{48CA2240-47AA-4DBF-BB3C-BE5331784A3E}.Release|Any CPU.ActiveCfg = Release|Any CPU
		{48CA2240-47AA-4DBF-BB3C-BE5331784A3E}.Release|Any CPU.Build.0 = Release|Any CPU
		{96BF81DE-47E7-4986-9D5F-699FB4D5F8BA}.Debug|Any CPU.ActiveCfg = Debug|Any CPU
		{96BF81DE-47E7-4986-9D5F-699FB4D5F8BA}.Debug|Any CPU.Build.0 = Debug|Any CPU
		{96BF81DE-47E7-4986-9D5F-699FB4D5F8BA}.Release|Any CPU.ActiveCfg = Release|Any CPU
		{96BF81DE-47E7-4986-9D5F-699FB4D5F8BA}.Release|Any CPU.Build.0 = Release|Any CPU
		{836112C4-4952-4013-8664-F87D3E7475B2}.Debug|Any CPU.ActiveCfg = Debug|Any CPU
		{836112C4-4952-4013-8664-F87D3E7475B2}.Debug|Any CPU.Build.0 = Debug|Any CPU
		{836112C4-4952-4013-8664-F87D3E7475B2}.Release|Any CPU.ActiveCfg = Release|Any CPU
		{836112C4-4952-4013-8664-F87D3E7475B2}.Release|Any CPU.Build.0 = Release|Any CPU
	EndGlobalSection
	GlobalSection(SolutionProperties) = preSolution
		HideSolutionNode = FALSE
	EndGlobalSection
EndGlobal
